
Microsoft Visual Studio Solution File, Format Version 12.00
# Visual Studio Version 17
VisualStudioVersion = 17.11.35327.3
MinimumVisualStudioVersion = 10.0.40219.1
Project("{FAE04EC0-301F-11D3-BF4B-00C04F79EFBC}") = "Losoowanie", "Losoowanie.csproj", "{D94C7EB9-0403-4A73-8DF6-F7D7BD127B08}"
EndProject
Global
	GlobalSection(SolutionConfigurationPlatforms) = preSolution
		Debug|Any CPU = Debug|Any CPU
		Release|Any CPU = Release|Any CPU
	EndGlobalSection
	GlobalSection(ProjectConfigurationPlatforms) = postSolution
		{D94C7EB9-0403-4A73-8DF6-F7D7BD127B08}.Debug|Any CPU.ActiveCfg = Debug|Any CPU
		{D94C7EB9-0403-4A73-8DF6-F7D7BD127B08}.Debug|Any CPU.Build.0 = Debug|Any CPU
		{D94C7EB9-0403-4A73-8DF6-F7D7BD127B08}.Release|Any CPU.ActiveCfg = Release|Any CPU
		{D94C7EB9-0403-4A73-8DF6-F7D7BD127B08}.Release|Any CPU.Build.0 = Release|Any CPU
	EndGlobalSection
	GlobalSection(SolutionProperties) = preSolution
		HideSolutionNode = FALSE
	EndGlobalSection
	GlobalSection(ExtensibilityGlobals) = postSolution
		SolutionGuid = {881D9E49-C332-41A2-8AB1-881A6FCA655C}
	EndGlobalSection
EndGlobal
